
Microsoft Visual Studio Solution File, Format Version 12.00
# Visual Studio Version 16
VisualStudioVersion = 16.0.31205.134
MinimumVisualStudioVersion = 10.0.40219.1
Project("{FAE04EC0-301F-11D3-BF4B-00C04F79EFBC}") = "PlayerMatcher_RestAPI", "PlayerMatcher_RestAPI.csproj", "{FB5E6855-CA70-465E-9DEF-2692C22DADD8}"
EndProject
Global
	GlobalSection(SolutionConfigurationPlatforms) = preSolution
		Debug|Any CPU = Debug|Any CPU
		Release|Any CPU = Release|Any CPU
	EndGlobalSection
	GlobalSection(ProjectConfigurationPlatforms) = postSolution
		{FB5E6855-CA70-465E-9DEF-2692C22DADD8}.Debug|Any CPU.ActiveCfg = Debug|Any CPU
		{FB5E6855-CA70-465E-9DEF-2692C22DADD8}.Debug|Any CPU.Build.0 = Debug|Any CPU
		{FB5E6855-CA70-465E-9DEF-2692C22DADD8}.Release|Any CPU.ActiveCfg = Release|Any CPU
		{FB5E6855-CA70-465E-9DEF-2692C22DADD8}.Release|Any CPU.Build.0 = Release|Any CPU
	EndGlobalSection
	GlobalSection(SolutionProperties) = preSolution
		HideSolutionNode = FALSE
	EndGlobalSection
	GlobalSection(ExtensibilityGlobals) = postSolution
		SolutionGuid = {24209E6F-9B0F-4790-AA9D-6941AA4A347C}
	EndGlobalSection
EndGlobal
